
Microsoft Visual Studio Solution File, Format Version 12.00
# Visual Studio Version 17
VisualStudioVersion = 17.7.34221.43
MinimumVisualStudioVersion = 10.0.40219.1
Project("{FAE04EC0-301F-11D3-BF4B-00C04F79EFBC}") = "Assignment_(Day_2)", "Assignment_(Day_2)\Assignment_(Day_2).csproj", "{20223064-B9D6-4894-80BA-DC9D65DE47F5}"
EndProject
Global
	GlobalSection(SolutionConfigurationPlatforms) = preSolution
		Debug|Any CPU = Debug|Any CPU
		Release|Any CPU = Release|Any CPU
	EndGlobalSection
	GlobalSection(ProjectConfigurationPlatforms) = postSolution
		{20223064-B9D6-4894-80BA-DC9D65DE47F5}.Debug|Any CPU.ActiveCfg = Debug|Any CPU
		{20223064-B9D6-4894-80BA-DC9D65DE47F5}.Debug|Any CPU.Build.0 = Debug|Any CPU
		{20223064-B9D6-4894-80BA-DC9D65DE47F5}.Release|Any CPU.ActiveCfg = Release|Any CPU
		{20223064-B9D6-4894-80BA-DC9D65DE47F5}.Release|Any CPU.Build.0 = Release|Any CPU
	EndGlobalSection
	GlobalSection(SolutionProperties) = preSolution
		HideSolutionNode = FALSE
	EndGlobalSection
	GlobalSection(ExtensibilityGlobals) = postSolution
		SolutionGuid = {DDA5B69A-3D49-4551-B9EF-409A8572FA56}
	EndGlobalSection
EndGlobal
